<?xml version="1.0" encoding="utf-8"?>
<Project ToolsVersion="4.0" xmlns="http://schemas.microsoft.com/developer/msbuild/2003">
  <ItemGroup>
    <FxCompile Include="Fragment.hlsl" />
    <FxCompile Include="Vertex.hlsl" />
  </ItemGroup>
  <ItemGroup>
    <ClCompile Include="AnimationClip.cpp" />
    <ClCompile Include="Animator.cpp" />
    <ClCompile Include="AssetManager.cpp" />
    <ClCompile Include="Camera.cpp" />
    <ClCompile Include="ClickToMove.cpp" />
    <ClCompile Include="Component.cpp" />
    <ClCompile Include="CoreEngine.cpp" />
    <ClCompile Include="Debug.cpp" />
    <ClCompile Include="Editor.cpp" />
    <ClCompile Include="EditorMoveScript.cpp" />
    <ClCompile Include="EditorSceneSelectionScript.cpp" />
    <ClCompile Include="formatImporter.cpp" />
    <ClCompile Include="GameManager.cpp" />
    <ClCompile Include="GameObject.cpp" />
    <ClCompile Include="GUI.cpp" />
    <ClCompile Include="GUI_Console.cpp" />
    <ClCompile Include="GUI_Hierarchy.cpp" />
    <ClCompile Include="GUI_Inspector.cpp" />
    <ClCompile Include="GUI_MenuBar.cpp" />
    <ClCompile Include="GUI_Viewport.cpp" />
    <ClCompile Include="imgui.cpp" />
    <ClCompile Include="ImGuizmo.cpp" />
    <ClCompile Include="imgui_demo.cpp" />
    <ClCompile Include="imgui_dock.cpp" />
    <ClCompile Include="imgui_draw.cpp" />
    <ClCompile Include="imgui_impl_dx11.cpp" />
    <ClCompile Include="ImSequencer.cpp" />
    <ClCompile Include="InputHandler.cpp" />
    <ClCompile Include="main.cpp" />
    <ClCompile Include="Material.cpp" />
    <ClCompile Include="MaterialFilter.cpp" />
    <ClCompile Include="Mesh.cpp" />
    <ClCompile Include="MeshFilter.cpp" />
    <ClCompile Include="Node.cpp" />
    <ClCompile Include="PathCreator.cpp" />
    <ClCompile Include="Physics.cpp" />
    <ClCompile Include="PlayerMoveScript.cpp" />
    <ClCompile Include="PlayerScript.cpp" />
    <ClCompile Include="PlayerSelectionScript.cpp" />
    <ClCompile Include="QuadTreeNode.cpp" />
    <ClCompile Include="RenderManager.cpp" />
    <ClCompile Include="Scene.cpp" />
    <ClCompile Include="ShaderProgram.cpp" />
    <ClCompile Include="AudioListener.cpp" />
    <ClCompile Include="SoundEmitter.cpp" />
    <ClCompile Include="SoundEngine.cpp" />
    <ClCompile Include="TerrainGenerator.cpp" />
    <ClCompile Include="Texture.cpp" />
    <ClCompile Include="Time.cpp" />
    <ClCompile Include="Transform.cpp" />
    <ClCompile Include="Unit.cpp" />
    <ClCompile Include="Vec3.cpp" />
    <ClCompile Include="Vector2.cpp" />
    <ClCompile Include="Vector3.cpp" />
    <ClCompile Include="NPC.cpp" />
    <ClCompile Include="Player.cpp" />
    <ClCompile Include="Skeleton.cpp" />
    <ClCompile Include="..\..\topresent%4007-05-2018\AuroraEngine\JGUI.cpp" />
  </ItemGroup>
  <ItemGroup>
    <ClInclude Include="AnimationClip.h" />
    <ClInclude Include="Animator.h" />
    <ClInclude Include="AssetManager.h" />
    <ClInclude Include="Camera.h" />
    <ClInclude Include="ClickToMove.h" />
    <ClInclude Include="Component.h" />
    <ClInclude Include="Console.h" />
    <ClInclude Include="CoreEngine.h" />
    <ClInclude Include="Debug.h" />
    <ClInclude Include="Editor.h" />
    <ClInclude Include="EditorMoveScript.h" />
    <ClInclude Include="EditorSceneSelectionScript.h" />
    <ClInclude Include="FormatHeader.h" />
    <ClInclude Include="formatImporter.h" />
    <ClInclude Include="GameManager.h" />
    <ClInclude Include="GameObject.h" />
    <ClInclude Include="GUI.h" />
    <ClInclude Include="GUI_Console.h" />
    <ClInclude Include="GUI_Hierarchy.h" />
    <ClInclude Include="GUI_Inspector.h" />
    <ClInclude Include="GUI_MenuBar.h" />
    <ClInclude Include="GUI_Viewport.h" />
    <ClInclude Include="ILogger.h" />
    <ClInclude Include="imconfig.h" />
    <ClInclude Include="imgui.h" />
    <ClInclude Include="ImGuizmo.h" />
    <ClInclude Include="imgui_dock.h" />
    <ClInclude Include="imgui_impl_dx11.h" />
    <ClInclude Include="imgui_internal.h" />
    <ClInclude Include="ImSequencer.h" />
    <ClInclude Include="InputHandler.h" />
    <ClInclude Include="json.hpp" />
    <ClInclude Include="KeyCode.h" />
    <ClInclude Include="LIGHT_TYPES.h" />
    <ClInclude Include="Material.h" />
    <ClInclude Include="MaterialFilter.h" />
    <ClInclude Include="Mesh.h" />
    <ClInclude Include="MeshFilter.h" />
    <ClInclude Include="Node.h" />
    <ClInclude Include="PathCreator.h" />
    <ClInclude Include="Physics.h" />
    <ClInclude Include="PlayerMoveScript.h" />
    <ClInclude Include="PlayerScript.h" />
    <ClInclude Include="PlayerSelectionScript.h" />
    <ClInclude Include="PRIMITIVE_GEOMETRY.h" />
    <ClInclude Include="QuadTreeNode.h" />
    <ClInclude Include="RenderManager.h" />
    <ClInclude Include="Scene.h" />
    <ClInclude Include="ShaderProgram.h" />
    <ClInclude Include="SHADOW_TYPE.h" />
    <ClInclude Include="AudioListener.h" />
    <ClInclude Include="SoundEmitter.h" />
    <ClInclude Include="SoundEngine.h" />
    <ClInclude Include="stb_rect_pack.h" />
    <ClInclude Include="stb_textedit.h" />
    <ClInclude Include="stb_truetype.h" />
    <ClInclude Include="TerrainGenerator.h" />
    <ClInclude Include="Texture.h" />
    <ClInclude Include="TEXTURE_RESOLUTIONS.h" />
    <ClInclude Include="Time.h" />
    <ClInclude Include="Transform.h" />
    <ClInclude Include="Unit.h" />
    <ClInclude Include="Vec3.h" />
    <ClInclude Include="Vector2.h" />
    <ClInclude Include="Vector3.h" />
    <ClInclude Include="Window.h" />
    <ClInclude Include="NPC.h" />
    <ClInclude Include="Player.h" />
    <ClInclude Include="Skeleton.h" />
    <ClInclude Include="..\..\topresent%4007-05-2018\AuroraEngine\JGUI.h" />
  </ItemGroup>
  <ItemGroup>
    <None Include="packages.config" />
  </ItemGroup>
</Project>